
Microsoft Visual Studio Solution File, Format Version 12.00
# Visual Studio Version 16
VisualStudioVersion = 16.0.29728.190
MinimumVisualStudioVersion = 10.0.40219.1
Project("{FAE04EC0-301F-11D3-BF4B-00C04F79EFBC}") = "obServer.ViewController", "obServer.ViewController\obServer.ViewController.csproj", "{6DBDF1F2-2C1A-4A20-885D-3ED7E9970C62}"
EndProject
Project("{FAE04EC0-301F-11D3-BF4B-00C04F79EFBC}") = "obServer.Repository", "obServer.Repository\obServer.Repository.csproj", "{39F3031F-DD9B-4C9B-B6BB-9A6937EA3C15}"
EndProject
Project("{FAE04EC0-301F-11D3-BF4B-00C04F79EFBC}") = "obServer.Network", "obServer.Network\obServer.Network.csproj", "{4C0C22BC-8175-4781-9797-D2D06CE50C10}"
EndProject
Project("{FAE04EC0-301F-11D3-BF4B-00C04F79EFBC}") = "obServer.GameLogic", "obServer.GameLogic\obServer.GameLogic.csproj", "{6376C887-24A4-4D13-947A-B5D528E2517D}"
EndProject
Project("{FAE04EC0-301F-11D3-BF4B-00C04F79EFBC}") = "obServer.GameModel", "obServer.GameModel\obServer.GameModel.csproj", "{D47B3456-F254-48FD-9F24-D54E376DEE81}"
EndProject
Global
	GlobalSection(SolutionConfigurationPlatforms) = preSolution
		Debug|Any CPU = Debug|Any CPU
		Release|Any CPU = Release|Any CPU
	EndGlobalSection
	GlobalSection(ProjectConfigurationPlatforms) = postSolution
		{6DBDF1F2-2C1A-4A20-885D-3ED7E9970C62}.Debug|Any CPU.ActiveCfg = Debug|Any CPU
		{6DBDF1F2-2C1A-4A20-885D-3ED7E9970C62}.Debug|Any CPU.Build.0 = Debug|Any CPU
		{6DBDF1F2-2C1A-4A20-885D-3ED7E9970C62}.Release|Any CPU.ActiveCfg = Release|Any CPU
		{6DBDF1F2-2C1A-4A20-885D-3ED7E9970C62}.Release|Any CPU.Build.0 = Release|Any CPU
		{39F3031F-DD9B-4C9B-B6BB-9A6937EA3C15}.Debug|Any CPU.ActiveCfg = Debug|Any CPU
		{39F3031F-DD9B-4C9B-B6BB-9A6937EA3C15}.Debug|Any CPU.Build.0 = Debug|Any CPU
		{39F3031F-DD9B-4C9B-B6BB-9A6937EA3C15}.Release|Any CPU.ActiveCfg = Release|Any CPU
		{39F3031F-DD9B-4C9B-B6BB-9A6937EA3C15}.Release|Any CPU.Build.0 = Release|Any CPU
		{4C0C22BC-8175-4781-9797-D2D06CE50C10}.Debug|Any CPU.ActiveCfg = Debug|Any CPU
		{4C0C22BC-8175-4781-9797-D2D06CE50C10}.Debug|Any CPU.Build.0 = Debug|Any CPU
		{4C0C22BC-8175-4781-9797-D2D06CE50C10}.Release|Any CPU.ActiveCfg = Release|Any CPU
		{4C0C22BC-8175-4781-9797-D2D06CE50C10}.Release|Any CPU.Build.0 = Release|Any CPU
		{6376C887-24A4-4D13-947A-B5D528E2517D}.Debug|Any CPU.ActiveCfg = Debug|Any CPU
		{6376C887-24A4-4D13-947A-B5D528E2517D}.Debug|Any CPU.Build.0 = Debug|Any CPU
		{6376C887-24A4-4D13-947A-B5D528E2517D}.Release|Any CPU.ActiveCfg = Release|Any CPU
		{6376C887-24A4-4D13-947A-B5D528E2517D}.Release|Any CPU.Build.0 = Release|Any CPU
		{D47B3456-F254-48FD-9F24-D54E376DEE81}.Debug|Any CPU.ActiveCfg = Debug|Any CPU
		{D47B3456-F254-48FD-9F24-D54E376DEE81}.Debug|Any CPU.Build.0 = Debug|Any CPU
		{D47B3456-F254-48FD-9F24-D54E376DEE81}.Release|Any CPU.ActiveCfg = Release|Any CPU
		{D47B3456-F254-48FD-9F24-D54E376DEE81}.Release|Any CPU.Build.0 = Release|Any CPU
	EndGlobalSection
	GlobalSection(SolutionProperties) = preSolution
		HideSolutionNode = FALSE
	EndGlobalSection
	GlobalSection(ExtensibilityGlobals) = postSolution
		SolutionGuid = {3C9DD178-8358-4CE0-A132-9A38D5130188}
	EndGlobalSection
EndGlobal
